// !$*UTF8*$!
{
	archiveVersion = 1;
	classes = {
	};
	objectVersion = 48;
	objects = {

/* Begin PBXBuildFile section */
		6F49FD1C205B31D100A0553B /* UIImageExtensions.swift in Sources */ = {isa = PBXBuildFile; fileRef = 6F49FD1B205B31D100A0553B /* UIImageExtensions.swift */; };
		8434B82D2047077600E16170 /* DigitTextField.swift in Sources */ = {isa = PBXBuildFile; fileRef = 8434B82C2047077600E16170 /* DigitTextField.swift */; };
		844B8421205B0AD7005F0BC7 /* NavBarButtons.swift in Sources */ = {isa = PBXBuildFile; fileRef = 844B8420205B0AD7005F0BC7 /* NavBarButtons.swift */; };
		84609CE92059745500B70A39 /* EnterPin.swift in Sources */ = {isa = PBXBuildFile; fileRef = 84609CE82059745500B70A39 /* EnterPin.swift */; };
		84609CEB2059776D00B70A39 /* PinView.swift in Sources */ = {isa = PBXBuildFile; fileRef = 84609CEA2059776D00B70A39 /* PinView.swift */; };
		84609CED205977E400B70A39 /* ArrowButton.swift in Sources */ = {isa = PBXBuildFile; fileRef = 84609CEC205977E400B70A39 /* ArrowButton.swift */; };
		84609CEF2059789000B70A39 /* MainApp.swift in Sources */ = {isa = PBXBuildFile; fileRef = 84609CEE2059789000B70A39 /* MainApp.swift */; };
		8472C826203C7F4D0084FC75 /* AppDelegate.swift in Sources */ = {isa = PBXBuildFile; fileRef = 8472C825203C7F4D0084FC75 /* AppDelegate.swift */; };
		8472C82D203C7F4D0084FC75 /* Assets.xcassets in Resources */ = {isa = PBXBuildFile; fileRef = 8472C82C203C7F4D0084FC75 /* Assets.xcassets */; };
		847BF365203C82C500B65D64 /* BaseCode.swift in Sources */ = {isa = PBXBuildFile; fileRef = 847BF364203C82C500B65D64 /* BaseCode.swift */; };
		847BF368203C833100B65D64 /* UIViewExtensions.swift in Sources */ = {isa = PBXBuildFile; fileRef = 847BF367203C833100B65D64 /* UIViewExtensions.swift */; };
		847BF36A203C858300B65D64 /* UserDefaults.swift in Sources */ = {isa = PBXBuildFile; fileRef = 847BF369203C858300B65D64 /* UserDefaults.swift */; };
		847BF36D203C868200B65D64 /* CreatePin.swift in Sources */ = {isa = PBXBuildFile; fileRef = 847BF36C203C868200B65D64 /* CreatePin.swift */; };
		847BF36F203C8C7100B65D64 /* GradientView.swift in Sources */ = {isa = PBXBuildFile; fileRef = 847BF36E203C8C7100B65D64 /* GradientView.swift */; };
		84B95828205EF8280050575A /* UIImageViewExtensions.swift in Sources */ = {isa = PBXBuildFile; fileRef = 84B95827205EF8280050575A /* UIImageViewExtensions.swift */; };
		DDB402155CAB06687FE2B279 /* Pods_Encrypter.framework in Frameworks */ = {isa = PBXBuildFile; fileRef = 638C2A71348BEE893CACC566 /* Pods_Encrypter.framework */; };
/* End PBXBuildFile section */

/* Begin PBXFileReference section */
		0DEE032AF2A40F5C11BF277F /* Pods-Encrypter.debug.xcconfig */ = {isa = PBXFileReference; includeInIndex = 1; lastKnownFileType = text.xcconfig; name = "Pods-Encrypter.debug.xcconfig"; path = "Pods/Target Support Files/Pods-Encrypter/Pods-Encrypter.debug.xcconfig"; sourceTree = "<group>"; };
		638C2A71348BEE893CACC566 /* Pods_Encrypter.framework */ = {isa = PBXFileReference; explicitFileType = wrapper.framework; includeInIndex = 0; path = Pods_Encrypter.framework; sourceTree = BUILT_PRODUCTS_DIR; };
		6F49FD1B205B31D100A0553B /* UIImageExtensions.swift */ = {isa = PBXFileReference; lastKnownFileType = sourcecode.swift; path = UIImageExtensions.swift; sourceTree = "<group>"; };
		8434B82C2047077600E16170 /* DigitTextField.swift */ = {isa = PBXFileReference; lastKnownFileType = sourcecode.swift; path = DigitTextField.swift; sourceTree = "<group>"; };
		844B8420205B0AD7005F0BC7 /* NavBarButtons.swift */ = {isa = PBXFileReference; lastKnownFileType = sourcecode.swift; path = NavBarButtons.swift; sourceTree = "<group>"; };
		84609CE82059745500B70A39 /* EnterPin.swift */ = {isa = PBXFileReference; lastKnownFileType = sourcecode.swift; path = EnterPin.swift; sourceTree = "<group>"; };
		84609CEA2059776D00B70A39 /* PinView.swift */ = {isa = PBXFileReference; lastKnownFileType = sourcecode.swift; path = PinView.swift; sourceTree = "<group>"; };
		84609CEC205977E400B70A39 /* ArrowButton.swift */ = {isa = PBXFileReference; lastKnownFileType = sourcecode.swift; path = ArrowButton.swift; sourceTree = "<group>"; };
		84609CEE2059789000B70A39 /* MainApp.swift */ = {isa = PBXFileReference; lastKnownFileType = sourcecode.swift; path = MainApp.swift; sourceTree = "<group>"; };
		8472C822203C7F4D0084FC75 /* Encrypter.app */ = {isa = PBXFileReference; explicitFileType = wrapper.application; includeInIndex = 0; path = Encrypter.app; sourceTree = BUILT_PRODUCTS_DIR; };
		8472C825203C7F4D0084FC75 /* AppDelegate.swift */ = {isa = PBXFileReference; lastKnownFileType = sourcecode.swift; path = AppDelegate.swift; sourceTree = "<group>"; };
		8472C82C203C7F4D0084FC75 /* Assets.xcassets */ = {isa = PBXFileReference; lastKnownFileType = folder.assetcatalog; path = Assets.xcassets; sourceTree = "<group>"; };
		8472C831203C7F4D0084FC75 /* Info.plist */ = {isa = PBXFileReference; lastKnownFileType = text.plist.xml; path = Info.plist; sourceTree = "<group>"; };
		847BF364203C82C500B65D64 /* BaseCode.swift */ = {isa = PBXFileReference; lastKnownFileType = sourcecode.swift; path = BaseCode.swift; sourceTree = "<group>"; };
		847BF367203C833100B65D64 /* UIViewExtensions.swift */ = {isa = PBXFileReference; lastKnownFileType = sourcecode.swift; path = UIViewExtensions.swift; sourceTree = "<group>"; };
		847BF369203C858300B65D64 /* UserDefaults.swift */ = {isa = PBXFileReference; lastKnownFileType = sourcecode.swift; path = UserDefaults.swift; sourceTree = "<group>"; };
		847BF36C203C868200B65D64 /* CreatePin.swift */ = {isa = PBXFileReference; lastKnownFileType = sourcecode.swift; path = CreatePin.swift; sourceTree = "<group>"; };
		847BF36E203C8C7100B65D64 /* GradientView.swift */ = {isa = PBXFileReference; lastKnownFileType = sourcecode.swift; path = GradientView.swift; sourceTree = "<group>"; };
		84B95827205EF8280050575A /* UIImageViewExtensions.swift */ = {isa = PBXFileReference; lastKnownFileType = sourcecode.swift; path = UIImageViewExtensions.swift; sourceTree = "<group>"; };
		CF51531618BB2D6924C0E4EE /* Pods-Encrypter.release.xcconfig */ = {isa = PBXFileReference; includeInIndex = 1; lastKnownFileType = text.xcconfig; name = "Pods-Encrypter.release.xcconfig"; path = "Pods/Target Support Files/Pods-Encrypter/Pods-Encrypter.release.xcconfig"; sourceTree = "<group>"; };
/* End PBXFileReference section */

/* Begin PBXFrameworksBuildPhase section */
		8472C81F203C7F4D0084FC75 /* Frameworks */ = {
			isa = PBXFrameworksBuildPhase;
			buildActionMask = 2147483647;
			files = (
				DDB402155CAB06687FE2B279 /* Pods_Encrypter.framework in Frameworks */,
			);
			runOnlyForDeploymentPostprocessing = 0;
		};
/* End PBXFrameworksBuildPhase section */

/* Begin PBXGroup section */
		279FDDEC6FDA9CD61CE4D2C6 /* Frameworks */ = {
			isa = PBXGroup;
			children = (
				638C2A71348BEE893CACC566 /* Pods_Encrypter.framework */,
			);
			name = Frameworks;
			sourceTree = "<group>";
		};
		84609CE7205973DF00B70A39 /* View Controllers */ = {
			isa = PBXGroup;
			children = (
				847BF36C203C868200B65D64 /* CreatePin.swift */,
				84609CE82059745500B70A39 /* EnterPin.swift */,
				84609CEE2059789000B70A39 /* MainApp.swift */,
			);
			path = "View Controllers";
			sourceTree = "<group>";
		};
		8472C819203C7F4D0084FC75 = {
			isa = PBXGroup;
			children = (
				8472C824203C7F4D0084FC75 /* Encrypter */,
				8472C823203C7F4D0084FC75 /* Products */,
				AAC6BE161795C45CB4EAEF48 /* Pods */,
				279FDDEC6FDA9CD61CE4D2C6 /* Frameworks */,
			);
			sourceTree = "<group>";
		};
		8472C823203C7F4D0084FC75 /* Products */ = {
			isa = PBXGroup;
			children = (
				8472C822203C7F4D0084FC75 /* Encrypter.app */,
			);
			name = Products;
			sourceTree = "<group>";
		};
		8472C824203C7F4D0084FC75 /* Encrypter */ = {
			isa = PBXGroup;
			children = (
				8472C831203C7F4D0084FC75 /* Info.plist */,
				8472C825203C7F4D0084FC75 /* AppDelegate.swift */,
				847BF369203C858300B65D64 /* UserDefaults.swift */,
				847BF364203C82C500B65D64 /* BaseCode.swift */,
				84609CE7205973DF00B70A39 /* View Controllers */,
				847BF36B203C866000B65D64 /* UI */,
				847BF366203C82ED00B65D64 /* Extensions */,
				8472C82C203C7F4D0084FC75 /* Assets.xcassets */,
			);
			path = Encrypter;
			sourceTree = "<group>";
		};
		847BF366203C82ED00B65D64 /* Extensions */ = {
			isa = PBXGroup;
			children = (
				847BF367203C833100B65D64 /* UIViewExtensions.swift */,
				6F49FD1B205B31D100A0553B /* UIImageExtensions.swift */,
				84B95827205EF8280050575A /* UIImageViewExtensions.swift */,
			);
			path = Extensions;
			sourceTree = "<group>";
		};
		847BF36B203C866000B65D64 /* UI */ = {
			isa = PBXGroup;
			children = (
				847BF36E203C8C7100B65D64 /* GradientView.swift */,
				84609CEA2059776D00B70A39 /* PinView.swift */,
				8434B82C2047077600E16170 /* DigitTextField.swift */,
				84609CEC205977E400B70A39 /* ArrowButton.swift */,
				844B8420205B0AD7005F0BC7 /* NavBarButtons.swift */,
			);
			path = UI;
			sourceTree = "<group>";
		};
		AAC6BE161795C45CB4EAEF48 /* Pods */ = {
			isa = PBXGroup;
			children = (
				0DEE032AF2A40F5C11BF277F /* Pods-Encrypter.debug.xcconfig */,
				CF51531618BB2D6924C0E4EE /* Pods-Encrypter.release.xcconfig */,
			);
			name = Pods;
			sourceTree = "<group>";
		};
/* End PBXGroup section */

/* Begin PBXNativeTarget section */
		8472C821203C7F4D0084FC75 /* Encrypter */ = {
			isa = PBXNativeTarget;
			buildConfigurationList = 8472C834203C7F4D0084FC75 /* Build configuration list for PBXNativeTarget "Encrypter" */;
			buildPhases = (
				4B6E871A0543222202C41E97 /* [CP] Check Pods Manifest.lock */,
				8472C81E203C7F4D0084FC75 /* Sources */,
				8472C81F203C7F4D0084FC75 /* Frameworks */,
				8472C820203C7F4D0084FC75 /* Resources */,
				F148B5D46501D8FD30308977 /* [CP] Embed Pods Frameworks */,
				3773A7E68B271DBEB392A7CC /* [CP] Copy Pods Resources */,
			);
			buildRules = (
			);
			dependencies = (
			);
			name = Encrypter;
			productName = Encrypter;
			productReference = 8472C822203C7F4D0084FC75 /* Encrypter.app */;
			productType = "com.apple.product-type.application";
		};
/* End PBXNativeTarget section */

/* Begin PBXProject section */
		8472C81A203C7F4D0084FC75 /* Project object */ = {
			isa = PBXProject;
			attributes = {
				LastSwiftUpdateCheck = 0920;
				LastUpgradeCheck = 0920;
				ORGANIZATIONNAME = CPS410;
				TargetAttributes = {
					8472C821203C7F4D0084FC75 = {
						CreatedOnToolsVersion = 9.2;
						ProvisioningStyle = Automatic;
					};
				};
			};
			buildConfigurationList = 8472C81D203C7F4D0084FC75 /* Build configuration list for PBXProject "Encrypter" */;
			compatibilityVersion = "Xcode 8.0";
			developmentRegion = en;
			hasScannedForEncodings = 0;
			knownRegions = (
				en,
				Base,
			);
			mainGroup = 8472C819203C7F4D0084FC75;
			productRefGroup = 8472C823203C7F4D0084FC75 /* Products */;
			projectDirPath = "";
			projectRoot = "";
			targets = (
				8472C821203C7F4D0084FC75 /* Encrypter */,
			);
		};
/* End PBXProject section */

/* Begin PBXResourcesBuildPhase section */
		8472C820203C7F4D0084FC75 /* Resources */ = {
			isa = PBXResourcesBuildPhase;
			buildActionMask = 2147483647;
			files = (
				8472C82D203C7F4D0084FC75 /* Assets.xcassets in Resources */,
			);
			runOnlyForDeploymentPostprocessing = 0;
		};
/* End PBXResourcesBuildPhase section */

/* Begin PBXShellScriptBuildPhase section */
		3773A7E68B271DBEB392A7CC /* [CP] Copy Pods Resources */ = {
			isa = PBXShellScriptBuildPhase;
			buildActionMask = 2147483647;
			files = (
			);
			inputPaths = (
			);
			name = "[CP] Copy Pods Resources";
			outputPaths = (
			);
			runOnlyForDeploymentPostprocessing = 0;
			shellPath = /bin/sh;
			shellScript = "\"${SRCROOT}/Pods/Target Support Files/Pods-Encrypter/Pods-Encrypter-resources.sh\"\n";
			showEnvVarsInLog = 0;
		};
		4B6E871A0543222202C41E97 /* [CP] Check Pods Manifest.lock */ = {
			isa = PBXShellScriptBuildPhase;
			buildActionMask = 2147483647;
			files = (
			);
			inputPaths = (
				"${PODS_PODFILE_DIR_PATH}/Podfile.lock",
				"${PODS_ROOT}/Manifest.lock",
			);
			name = "[CP] Check Pods Manifest.lock";
			outputPaths = (
				"$(DERIVED_FILE_DIR)/Pods-Encrypter-checkManifestLockResult.txt",
			);
			runOnlyForDeploymentPostprocessing = 0;
			shellPath = /bin/sh;
			shellScript = "diff \"${PODS_PODFILE_DIR_PATH}/Podfile.lock\" \"${PODS_ROOT}/Manifest.lock\" > /dev/null\nif [ $? != 0 ] ; then\n    # print error to STDERR\n    echo \"error: The sandbox is not in sync with the Podfile.lock. Run 'pod install' or update your CocoaPods installation.\" >&2\n    exit 1\nfi\n# This output is used by Xcode 'outputs' to avoid re-running this script phase.\necho \"SUCCESS\" > \"${SCRIPT_OUTPUT_FILE_0}\"\n";
			showEnvVarsInLog = 0;
		};
		F148B5D46501D8FD30308977 /* [CP] Embed Pods Frameworks */ = {
			isa = PBXShellScriptBuildPhase;
			buildActionMask = 2147483647;
			files = (
			);
			inputPaths = (
				"${SRCROOT}/Pods/Target Support Files/Pods-Encrypter/Pods-Encrypter-frameworks.sh",
				"${BUILT_PRODUCTS_DIR}/SnapKit/SnapKit.framework",
				"${BUILT_PRODUCTS_DIR}/SwiftyRSA/SwiftyRSA.framework",
			);
			name = "[CP] Embed Pods Frameworks";
			outputPaths = (
				"${TARGET_BUILD_DIR}/${FRAMEWORKS_FOLDER_PATH}/SnapKit.framework",
				"${TARGET_BUILD_DIR}/${FRAMEWORKS_FOLDER_PATH}/SwiftyRSA.framework",
			);
			runOnlyForDeploymentPostprocessing = 0;
			shellPath = /bin/sh;
			shellScript = "\"${SRCROOT}/Pods/Target Support Files/Pods-Encrypter/Pods-Encrypter-frameworks.sh\"\n";
			showEnvVarsInLog = 0;
		};
/* End PBXShellScriptBuildPhase section */

/* Begin PBXSourcesBuildPhase section */
		8472C81E203C7F4D0084FC75 /* Sources */ = {
			isa = PBXSourcesBuildPhase;
			buildActionMask = 2147483647;
			files = (
				84B95828205EF8280050575A /* UIImageViewExtensions.swift in Sources */,
				847BF36A203C858300B65D64 /* UserDefaults.swift in Sources */,
				8472C826203C7F4D0084FC75 /* AppDelegate.swift in Sources */,
				84609CEF2059789000B70A39 /* MainApp.swift in Sources */,
				847BF36F203C8C7100B65D64 /* GradientView.swift in Sources */,
				847BF368203C833100B65D64 /* UIViewExtensions.swift in Sources */,
				6F49FD1C205B31D100A0553B /* UIImageExtensions.swift in Sources */,
				847BF36D203C868200B65D64 /* CreatePin.swift in Sources */,
				84609CEB2059776D00B70A39 /* PinView.swift in Sources */,
				8434B82D2047077600E16170 /* DigitTextField.swift in Sources */,
				84609CED205977E400B70A39 /* ArrowButton.swift in Sources */,
				84609CE92059745500B70A39 /* EnterPin.swift in Sources */,
				847BF365203C82C500B65D64 /* BaseCode.swift in Sources */,
				844B8421205B0AD7005F0BC7 /* NavBarButtons.swift in Sources */,
			);
			runOnlyForDeploymentPostprocessing = 0;
		};
/* End PBXSourcesBuildPhase section */

/* Begin XCBuildConfiguration section */
		8472C832203C7F4D0084FC75 /* Debug */ = {
			isa = XCBuildConfiguration;
			buildSettings = {
				ALWAYS_SEARCH_USER_PATHS = NO;
				CLANG_ANALYZER_NONNULL = YES;
				CLANG_ANALYZER_NUMBER_OBJECT_CONVERSION = YES_AGGRESSIVE;
				CLANG_CXX_LANGUAGE_STANDARD = "gnu++14";
				CLANG_CXX_LIBRARY = "libc++";
				CLANG_ENABLE_MODULES = YES;
				CLANG_ENABLE_OBJC_ARC = YES;
				CLANG_WARN_BLOCK_CAPTURE_AUTORELEASING = YES;
				CLANG_WARN_BOOL_CONVERSION = YES;
				CLANG_WARN_COMMA = YES;
				CLANG_WARN_CONSTANT_CONVERSION = YES;
				CLANG_WARN_DIRECT_OBJC_ISA_USAGE = YES_ERROR;
				CLANG_WARN_DOCUMENTATION_COMMENTS = YES;
				CLANG_WARN_EMPTY_BODY = YES;
				CLANG_WARN_ENUM_CONVERSION = YES;
				CLANG_WARN_INFINITE_RECURSION = YES;
				CLANG_WARN_INT_CONVERSION = YES;
				CLANG_WARN_NON_LITERAL_NULL_CONVERSION = YES;
				CLANG_WARN_OBJC_LITERAL_CONVERSION = YES;
				CLANG_WARN_OBJC_ROOT_CLASS = YES_ERROR;
				CLANG_WARN_RANGE_LOOP_ANALYSIS = YES;
				CLANG_WARN_STRICT_PROTOTYPES = YES;
				CLANG_WARN_SUSPICIOUS_MOVE = YES;
				CLANG_WARN_UNGUARDED_AVAILABILITY = YES_AGGRESSIVE;
				CLANG_WARN_UNREACHABLE_CODE = YES;
				CLANG_WARN__DUPLICATE_METHOD_MATCH = YES;
				CODE_SIGN_IDENTITY = "iPhone Developer";
				COPY_PHASE_STRIP = NO;
				DEBUG_INFORMATION_FORMAT = dwarf;
				ENABLE_STRICT_OBJC_MSGSEND = YES;
				ENABLE_TESTABILITY = YES;
				GCC_C_LANGUAGE_STANDARD = gnu11;
				GCC_DYNAMIC_NO_PIC = NO;
				GCC_NO_COMMON_BLOCKS = YES;
				GCC_OPTIMIZATION_LEVEL = 0;
				GCC_PREPROCESSOR_DEFINITIONS = (
					"DEBUG=1",
					"$(inherited)",
				);
				GCC_WARN_64_TO_32_BIT_CONVERSION = YES;
				GCC_WARN_ABOUT_RETURN_TYPE = YES_ERROR;
				GCC_WARN_UNDECLARED_SELECTOR = YES;
				GCC_WARN_UNINITIALIZED_AUTOS = YES_AGGRESSIVE;
				GCC_WARN_UNUSED_FUNCTION = YES;
				GCC_WARN_UNUSED_VARIABLE = YES;
				IPHONEOS_DEPLOYMENT_TARGET = 11.2;
				MTL_ENABLE_DEBUG_INFO = YES;
				ONLY_ACTIVE_ARCH = YES;
				SDKROOT = iphoneos;
				SWIFT_ACTIVE_COMPILATION_CONDITIONS = DEBUG;
				SWIFT_OPTIMIZATION_LEVEL = "-Onone";
			};
			name = Debug;
		};
		8472C833203C7F4D0084FC75 /* Release */ = {
			isa = XCBuildConfiguration;
			buildSettings = {
				ALWAYS_SEARCH_USER_PATHS = NO;
				CLANG_ANALYZER_NONNULL = YES;
				CLANG_ANALYZER_NUMBER_OBJECT_CONVERSION = YES_AGGRESSIVE;
				CLANG_CXX_LANGUAGE_STANDARD = "gnu++14";
				CLANG_CXX_LIBRARY = "libc++";
				CLANG_ENABLE_MODULES = YES;
				CLANG_ENABLE_OBJC_ARC = YES;
				CLANG_WARN_BLOCK_CAPTURE_AUTORELEASING = YES;
				CLANG_WARN_BOOL_CONVERSION = YES;
				CLANG_WARN_COMMA = YES;
				CLANG_WARN_CONSTANT_CONVERSION = YES;
				CLANG_WARN_DIRECT_OBJC_ISA_USAGE = YES_ERROR;
				CLANG_WARN_DOCUMENTATION_COMMENTS = YES;
				CLANG_WARN_EMPTY_BODY = YES;
				CLANG_WARN_ENUM_CONVERSION = YES;
				CLANG_WARN_INFINITE_RECURSION = YES;
				CLANG_WARN_INT_CONVERSION = YES;
				CLANG_WARN_NON_LITERAL_NULL_CONVERSION = YES;
				CLANG_WARN_OBJC_LITERAL_CONVERSION = YES;
				CLANG_WARN_OBJC_ROOT_CLASS = YES_ERROR;
				CLANG_WARN_RANGE_LOOP_ANALYSIS = YES;
				CLANG_WARN_STRICT_PROTOTYPES = YES;
				CLANG_WARN_SUSPICIOUS_MOVE = YES;
				CLANG_WARN_UNGUARDED_AVAILABILITY = YES_AGGRESSIVE;
				CLANG_WARN_UNREACHABLE_CODE = YES;
				CLANG_WARN__DUPLICATE_METHOD_MATCH = YES;
				CODE_SIGN_IDENTITY = "iPhone Developer";
				COPY_PHASE_STRIP = NO;
				DEBUG_INFORMATION_FORMAT = "dwarf-with-dsym";
				ENABLE_NS_ASSERTIONS = NO;
				ENABLE_STRICT_OBJC_MSGSEND = YES;
				GCC_C_LANGUAGE_STANDARD = gnu11;
				GCC_NO_COMMON_BLOCKS = YES;
				GCC_WARN_64_TO_32_BIT_CONVERSION = YES;
				GCC_WARN_ABOUT_RETURN_TYPE = YES_ERROR;
				GCC_WARN_UNDECLARED_SELECTOR = YES;
				GCC_WARN_UNINITIALIZED_AUTOS = YES_AGGRESSIVE;
				GCC_WARN_UNUSED_FUNCTION = YES;
				GCC_WARN_UNUSED_VARIABLE = YES;
				IPHONEOS_DEPLOYMENT_TARGET = 11.2;
				MTL_ENABLE_DEBUG_INFO = NO;
				SDKROOT = iphoneos;
				SWIFT_OPTIMIZATION_LEVEL = "-Owholemodule";
				VALIDATE_PRODUCT = YES;
			};
			name = Release;
		};
		8472C835203C7F4D0084FC75 /* Debug */ = {
			isa = XCBuildConfiguration;
			baseConfigurationReference = 0DEE032AF2A40F5C11BF277F /* Pods-Encrypter.debug.xcconfig */;
			buildSettings = {
				ASSETCATALOG_COMPILER_APPICON_NAME = AppIcon;
				ASSETCATALOG_COMPILER_LAUNCHIMAGE_NAME = LaunchImage;
				CODE_SIGN_STYLE = Automatic;
				DEVELOPMENT_TEAM = 66RL7K58N2;
				INFOPLIST_FILE = Encrypter/Info.plist;
				LD_RUNPATH_SEARCH_PATHS = "$(inherited) @executable_path/Frameworks";
				PRODUCT_BUNDLE_IDENTIFIER = com.cps410.encrypter.Encrypter;
				PRODUCT_NAME = "$(TARGET_NAME)";
				SWIFT_VERSION = 4.0;
				TARGETED_DEVICE_FAMILY = "1,2";
			};
			name = Debug;
		};
		8472C836203C7F4D0084FC75 /* Release */ = {
			isa = XCBuildConfiguration;
			baseConfigurationReference = CF51531618BB2D6924C0E4EE /* Pods-Encrypter.release.xcconfig */;
			buildSettings = {
				ASSETCATALOG_COMPILER_APPICON_NAME = AppIcon;
				ASSETCATALOG_COMPILER_LAUNCHIMAGE_NAME = LaunchImage;
				CODE_SIGN_STYLE = Automatic;
				DEVELOPMENT_TEAM = 66RL7K58N2;
				INFOPLIST_FILE = Encrypter/Info.plist;
				LD_RUNPATH_SEARCH_PATHS = "$(inherited) @executable_path/Frameworks";
				PRODUCT_BUNDLE_IDENTIFIER = com.cps410.encrypter.Encrypter;
				PRODUCT_NAME = "$(TARGET_NAME)";
				SWIFT_VERSION = 4.0;
				TARGETED_DEVICE_FAMILY = "1,2";
			};
			name = Release;
		};
/* End XCBuildConfiguration section */

/* Begin XCConfigurationList section */
		8472C81D203C7F4D0084FC75 /* Build configuration list for PBXProject "Encrypter" */ = {
			isa = XCConfigurationList;
			buildConfigurations = (
				8472C832203C7F4D0084FC75 /* Debug */,
				8472C833203C7F4D0084FC75 /* Release */,
			);
			defaultConfigurationIsVisible = 0;
			defaultConfigurationName = Release;
		};
		8472C834203C7F4D0084FC75 /* Build configuration list for PBXNativeTarget "Encrypter" */ = {
			isa = XCConfigurationList;
			buildConfigurations = (
				8472C835203C7F4D0084FC75 /* Debug */,
				8472C836203C7F4D0084FC75 /* Release */,
			);
			defaultConfigurationIsVisible = 0;
			defaultConfigurationName = Release;
		};
/* End XCConfigurationList section */
	};
	rootObject = 8472C81A203C7F4D0084FC75 /* Project object */;
}
